// !$*UTF8*$!
{
	archiveVersion = 1;
	classes = {
	};
	objectVersion = 56;
	objects = {

/* Begin PBXBuildFile section */
		082BDE2228854B12004AADC3 /* VideoColorizedApp.swift in Sources */ = {isa = PBXBuildFile; fileRef = 082BDE2128854B12004AADC3 /* VideoColorizedApp.swift */; };
		082BDE2428854B12004AADC3 /* ContentView.swift in Sources */ = {isa = PBXBuildFile; fileRef = 082BDE2328854B12004AADC3 /* ContentView.swift */; };
		082BDE2628854B14004AADC3 /* Assets.xcassets in Resources */ = {isa = PBXBuildFile; fileRef = 082BDE2528854B14004AADC3 /* Assets.xcassets */; };
		082BDE2928854B14004AADC3 /* Preview Assets.xcassets in Resources */ = {isa = PBXBuildFile; fileRef = 082BDE2828854B14004AADC3 /* Preview Assets.xcassets */; };
		086BABC928A7BD3E00123025 /* brew_script.sh in Resources */ = {isa = PBXBuildFile; fileRef = 086BABC828A7BD3E00123025 /* brew_script.sh */; };
		086BABCC28A7BED200123025 /* colorize.sh in Resources */ = {isa = PBXBuildFile; fileRef = 086BABCB28A7BECF00123025 /* colorize.sh */; };
		087381FF28AB86D0008DD049 /* init_script.sh in Resources */ = {isa = PBXBuildFile; fileRef = 086BABCA28A7BD7800123025 /* init_script.sh */; };
		08785CAE28AB9D2100EF33C7 /* SwiftUIWindow in Frameworks */ = {isa = PBXBuildFile; productRef = 08785CAD28AB9D2100EF33C7 /* SwiftUIWindow */; };
		08785CB028AB9D8B00EF33C7 /* Utils.swift in Sources */ = {isa = PBXBuildFile; fileRef = 08785CAF28AB9D8B00EF33C7 /* Utils.swift */; };
		0885C82928A4B1F4007B98CD /* HomeScreen.swift in Sources */ = {isa = PBXBuildFile; fileRef = 0885C82828A4B1F4007B98CD /* HomeScreen.swift */; };
		089CF80428B7876C003A0CA6 /* FIRST_RUN.sh in Resources */ = {isa = PBXBuildFile; fileRef = 089CF80328B7876C003A0CA6 /* FIRST_RUN.sh */; };
		08A3C56128A8C69D008BC9E6 /* MyTableView.swift in Sources */ = {isa = PBXBuildFile; fileRef = 08A3C56028A8C69D008BC9E6 /* MyTableView.swift */; };
		08A3C56328A8D579008BC9E6 /* VideoFile.swift in Sources */ = {isa = PBXBuildFile; fileRef = 08A3C56228A8D579008BC9E6 /* VideoFile.swift */; };
		08A3C56728A8F392008BC9E6 /* InstallerScreen.swift in Sources */ = {isa = PBXBuildFile; fileRef = 08A3C56628A8F392008BC9E6 /* InstallerScreen.swift */; };
		08A3C56928A8F414008BC9E6 /* InstallerView.swift in Sources */ = {isa = PBXBuildFile; fileRef = 08A3C56828A8F414008BC9E6 /* InstallerView.swift */; };
		08BD982D289FDD4200F3A140 /* TestManager.swift in Sources */ = {isa = PBXBuildFile; fileRef = 08BD982C289FDD4100F3A140 /* TestManager.swift */; };
/* End PBXBuildFile section */

/* Begin PBXFileReference section */
		082BDE1E28854B12004AADC3 /* VideoColorized.app */ = {isa = PBXFileReference; explicitFileType = wrapper.application; includeInIndex = 0; path = VideoColorized.app; sourceTree = BUILT_PRODUCTS_DIR; };
		082BDE2128854B12004AADC3 /* VideoColorizedApp.swift */ = {isa = PBXFileReference; lastKnownFileType = sourcecode.swift; path = VideoColorizedApp.swift; sourceTree = "<group>"; };
		082BDE2328854B12004AADC3 /* ContentView.swift */ = {isa = PBXFileReference; lastKnownFileType = sourcecode.swift; path = ContentView.swift; sourceTree = "<group>"; };
		082BDE2528854B14004AADC3 /* Assets.xcassets */ = {isa = PBXFileReference; lastKnownFileType = folder.assetcatalog; path = Assets.xcassets; sourceTree = "<group>"; };
		082BDE2828854B14004AADC3 /* Preview Assets.xcassets */ = {isa = PBXFileReference; lastKnownFileType = folder.assetcatalog; path = "Preview Assets.xcassets"; sourceTree = "<group>"; };
		082BDE2A28854B14004AADC3 /* VideoColorized.entitlements */ = {isa = PBXFileReference; lastKnownFileType = text.plist.entitlements; path = VideoColorized.entitlements; sourceTree = "<group>"; };
		086BABC828A7BD3E00123025 /* brew_script.sh */ = {isa = PBXFileReference; fileEncoding = 4; lastKnownFileType = text.script.sh; path = brew_script.sh; sourceTree = "<group>"; };
		086BABCA28A7BD7800123025 /* init_script.sh */ = {isa = PBXFileReference; lastKnownFileType = text.script.sh; path = init_script.sh; sourceTree = "<group>"; };
		086BABCB28A7BECF00123025 /* colorize.sh */ = {isa = PBXFileReference; lastKnownFileType = text.script.sh; path = colorize.sh; sourceTree = "<group>"; };
		08785CAF28AB9D8B00EF33C7 /* Utils.swift */ = {isa = PBXFileReference; fileEncoding = 4; lastKnownFileType = sourcecode.swift; path = Utils.swift; sourceTree = "<group>"; };
		0885C82828A4B1F4007B98CD /* HomeScreen.swift */ = {isa = PBXFileReference; lastKnownFileType = sourcecode.swift; path = HomeScreen.swift; sourceTree = "<group>"; };
		089CF80328B7876C003A0CA6 /* FIRST_RUN.sh */ = {isa = PBXFileReference; fileEncoding = 4; lastKnownFileType = text.script.sh; path = FIRST_RUN.sh; sourceTree = "<group>"; };
		08A3C56028A8C69D008BC9E6 /* MyTableView.swift */ = {isa = PBXFileReference; lastKnownFileType = sourcecode.swift; path = MyTableView.swift; sourceTree = "<group>"; };
		08A3C56228A8D579008BC9E6 /* VideoFile.swift */ = {isa = PBXFileReference; lastKnownFileType = sourcecode.swift; path = VideoFile.swift; sourceTree = "<group>"; };
		08A3C56628A8F392008BC9E6 /* InstallerScreen.swift */ = {isa = PBXFileReference; lastKnownFileType = sourcecode.swift; path = InstallerScreen.swift; sourceTree = "<group>"; };
		08A3C56828A8F414008BC9E6 /* InstallerView.swift */ = {isa = PBXFileReference; lastKnownFileType = sourcecode.swift; path = InstallerView.swift; sourceTree = "<group>"; };
		08BD982C289FDD4100F3A140 /* TestManager.swift */ = {isa = PBXFileReference; lastKnownFileType = sourcecode.swift; path = TestManager.swift; sourceTree = "<group>"; };
/* End PBXFileReference section */

/* Begin PBXFrameworksBuildPhase section */
		082BDE1B28854B12004AADC3 /* Frameworks */ = {
			isa = PBXFrameworksBuildPhase;
			buildActionMask = 2147483647;
			files = (
				08785CAE28AB9D2100EF33C7 /* SwiftUIWindow in Frameworks */,
			);
			runOnlyForDeploymentPostprocessing = 0;
		};
/* End PBXFrameworksBuildPhase section */

/* Begin PBXGroup section */
		082BDE1528854B12004AADC3 = {
			isa = PBXGroup;
			children = (
				082BDE2028854B12004AADC3 /* VideoColorized */,
				082BDE1F28854B12004AADC3 /* Products */,
			);
			sourceTree = "<group>";
		};
		082BDE1F28854B12004AADC3 /* Products */ = {
			isa = PBXGroup;
			children = (
				082BDE1E28854B12004AADC3 /* VideoColorized.app */,
			);
			name = Products;
			sourceTree = "<group>";
		};
		082BDE2028854B12004AADC3 /* VideoColorized */ = {
			isa = PBXGroup;
			children = (
				08A3C56428A8D582008BC9E6 /* Models */,
				0885C82A28A4B1FA007B98CD /* Screens */,
				0885C82728A4B182007B98CD /* Views */,
				082BDE2528854B14004AADC3 /* Assets.xcassets */,
				082BDE2A28854B14004AADC3 /* VideoColorized.entitlements */,
				082BDE2728854B14004AADC3 /* Preview Content */,
				082BDE2128854B12004AADC3 /* VideoColorizedApp.swift */,
				08BD982C289FDD4100F3A140 /* TestManager.swift */,
				08785CAF28AB9D8B00EF33C7 /* Utils.swift */,
				08A3C56528A8F254008BC9E6 /* Scripts */,
			);
			path = VideoColorized;
			sourceTree = "<group>";
		};
		082BDE2728854B14004AADC3 /* Preview Content */ = {
			isa = PBXGroup;
			children = (
				082BDE2828854B14004AADC3 /* Preview Assets.xcassets */,
			);
			path = "Preview Content";
			sourceTree = "<group>";
		};
		0885C82728A4B182007B98CD /* Views */ = {
			isa = PBXGroup;
			children = (
				082BDE2328854B12004AADC3 /* ContentView.swift */,
				08A3C56028A8C69D008BC9E6 /* MyTableView.swift */,
				08A3C56828A8F414008BC9E6 /* InstallerView.swift */,
			);
			path = Views;
			sourceTree = "<group>";
		};
		0885C82A28A4B1FA007B98CD /* Screens */ = {
			isa = PBXGroup;
			children = (
				0885C82828A4B1F4007B98CD /* HomeScreen.swift */,
				08A3C56628A8F392008BC9E6 /* InstallerScreen.swift */,
			);
			path = Screens;
			sourceTree = "<group>";
		};
		08A3C56428A8D582008BC9E6 /* Models */ = {
			isa = PBXGroup;
			children = (
				08A3C56228A8D579008BC9E6 /* VideoFile.swift */,
			);
			path = Models;
			sourceTree = "<group>";
		};
		08A3C56528A8F254008BC9E6 /* Scripts */ = {
			isa = PBXGroup;
			children = (
				089CF80328B7876C003A0CA6 /* FIRST_RUN.sh */,
				086BABCB28A7BECF00123025 /* colorize.sh */,
				086BABC828A7BD3E00123025 /* brew_script.sh */,
				086BABCA28A7BD7800123025 /* init_script.sh */,
			);
			path = Scripts;
			sourceTree = "<group>";
		};
/* End PBXGroup section */

/* Begin PBXNativeTarget section */
		082BDE1D28854B12004AADC3 /* VideoColorized */ = {
			isa = PBXNativeTarget;
			buildConfigurationList = 082BDE2D28854B14004AADC3 /* Build configuration list for PBXNativeTarget "VideoColorized" */;
			buildPhases = (
				082BDE1A28854B12004AADC3 /* Sources */,
				082BDE1B28854B12004AADC3 /* Frameworks */,
				082BDE1C28854B12004AADC3 /* Resources */,
			);
			buildRules = (
			);
			dependencies = (
			);
			name = VideoColorized;
			packageProductDependencies = (
				08785CAD28AB9D2100EF33C7 /* SwiftUIWindow */,
			);
			productName = VideoColorized;
			productReference = 082BDE1E28854B12004AADC3 /* VideoColorized.app */;
			productType = "com.apple.product-type.application";
		};
/* End PBXNativeTarget section */

/* Begin PBXProject section */
		082BDE1628854B12004AADC3 /* Project object */ = {
			isa = PBXProject;
			attributes = {
				BuildIndependentTargetsInParallel = 1;
				LastSwiftUpdateCheck = 1400;
				LastUpgradeCheck = 1400;
				TargetAttributes = {
					082BDE1D28854B12004AADC3 = {
						CreatedOnToolsVersion = 14.0;
					};
				};
			};
			buildConfigurationList = 082BDE1928854B12004AADC3 /* Build configuration list for PBXProject "VideoColorized" */;
			compatibilityVersion = "Xcode 14.0";
			developmentRegion = en;
			hasScannedForEncodings = 0;
			knownRegions = (
				en,
				Base,
			);
			mainGroup = 082BDE1528854B12004AADC3;
			packageReferences = (
				08785CAC28AB9D2100EF33C7 /* XCRemoteSwiftPackageReference "SwiftUIWindow" */,
			);
			productRefGroup = 082BDE1F28854B12004AADC3 /* Products */;
			projectDirPath = "";
			projectRoot = "";
			targets = (
				082BDE1D28854B12004AADC3 /* VideoColorized */,
			);
		};
/* End PBXProject section */

/* Begin PBXResourcesBuildPhase section */
		082BDE1C28854B12004AADC3 /* Resources */ = {
			isa = PBXResourcesBuildPhase;
			buildActionMask = 2147483647;
			files = (
				086BABCC28A7BED200123025 /* colorize.sh in Resources */,
				089CF80428B7876C003A0CA6 /* FIRST_RUN.sh in Resources */,
				082BDE2928854B14004AADC3 /* Preview Assets.xcassets in Resources */,
				087381FF28AB86D0008DD049 /* init_script.sh in Resources */,
				082BDE2628854B14004AADC3 /* Assets.xcassets in Resources */,
				086BABC928A7BD3E00123025 /* brew_script.sh in Resources */,
			);
			runOnlyForDeploymentPostprocessing = 0;
		};
/* End PBXResourcesBuildPhase section */

/* Begin PBXSourcesBuildPhase section */
		082BDE1A28854B12004AADC3 /* Sources */ = {
			isa = PBXSourcesBuildPhase;
			buildActionMask = 2147483647;
			files = (
				0885C82928A4B1F4007B98CD /* HomeScreen.swift in Sources */,
				08A3C56128A8C69D008BC9E6 /* MyTableView.swift in Sources */,
				08785CB028AB9D8B00EF33C7 /* Utils.swift in Sources */,
				08A3C56728A8F392008BC9E6 /* InstallerScreen.swift in Sources */,
				082BDE2428854B12004AADC3 /* ContentView.swift in Sources */,
				08A3C56328A8D579008BC9E6 /* VideoFile.swift in Sources */,
				082BDE2228854B12004AADC3 /* VideoColorizedApp.swift in Sources */,
				08BD982D289FDD4200F3A140 /* TestManager.swift in Sources */,
				08A3C56928A8F414008BC9E6 /* InstallerView.swift in Sources */,
			);
			runOnlyForDeploymentPostprocessing = 0;
		};
/* End PBXSourcesBuildPhase section */

/* Begin XCBuildConfiguration section */
		082BDE2B28854B14004AADC3 /* Debug */ = {
			isa = XCBuildConfiguration;
			buildSettings = {
				ALWAYS_SEARCH_USER_PATHS = NO;
				CLANG_ANALYZER_NONNULL = YES;
				CLANG_ANALYZER_NUMBER_OBJECT_CONVERSION = YES_AGGRESSIVE;
				CLANG_CXX_LANGUAGE_STANDARD = "gnu++17";
				CLANG_ENABLE_MODULES = YES;
				CLANG_ENABLE_OBJC_ARC = YES;
				CLANG_ENABLE_OBJC_WEAK = YES;
				CLANG_WARN_BLOCK_CAPTURE_AUTORELEASING = YES;
				CLANG_WARN_BOOL_CONVERSION = YES;
				CLANG_WARN_COMMA = YES;
				CLANG_WARN_CONSTANT_CONVERSION = YES;
				CLANG_WARN_DEPRECATED_OBJC_IMPLEMENTATIONS = YES;
				CLANG_WARN_DIRECT_OBJC_ISA_USAGE = YES_ERROR;
				CLANG_WARN_DOCUMENTATION_COMMENTS = YES;
				CLANG_WARN_EMPTY_BODY = YES;
				CLANG_WARN_ENUM_CONVERSION = YES;
				CLANG_WARN_INFINITE_RECURSION = YES;
				CLANG_WARN_INT_CONVERSION = YES;
				CLANG_WARN_NON_LITERAL_NULL_CONVERSION = YES;
				CLANG_WARN_OBJC_IMPLICIT_RETAIN_SELF = YES;
				CLANG_WARN_OBJC_LITERAL_CONVERSION = YES;
				CLANG_WARN_OBJC_ROOT_CLASS = YES_ERROR;
				CLANG_WARN_QUOTED_INCLUDE_IN_FRAMEWORK_HEADER = YES;
				CLANG_WARN_RANGE_LOOP_ANALYSIS = YES;
				CLANG_WARN_STRICT_PROTOTYPES = YES;
				CLANG_WARN_SUSPICIOUS_MOVE = YES;
				CLANG_WARN_UNGUARDED_AVAILABILITY = YES_AGGRESSIVE;
				CLANG_WARN_UNREACHABLE_CODE = YES;
				CLANG_WARN__DUPLICATE_METHOD_MATCH = YES;
				COPY_PHASE_STRIP = NO;
				DEBUG_INFORMATION_FORMAT = dwarf;
				ENABLE_STRICT_OBJC_MSGSEND = YES;
				ENABLE_TESTABILITY = YES;
				GCC_C_LANGUAGE_STANDARD = gnu11;
				GCC_DYNAMIC_NO_PIC = NO;
				GCC_NO_COMMON_BLOCKS = YES;
				GCC_OPTIMIZATION_LEVEL = 0;
				GCC_PREPROCESSOR_DEFINITIONS = (
					"DEBUG=1",
					"$(inherited)",
				);
				GCC_WARN_64_TO_32_BIT_CONVERSION = YES;
				GCC_WARN_ABOUT_RETURN_TYPE = YES_ERROR;
				GCC_WARN_UNDECLARED_SELECTOR = YES;
				GCC_WARN_UNINITIALIZED_AUTOS = YES_AGGRESSIVE;
				GCC_WARN_UNUSED_FUNCTION = YES;
				GCC_WARN_UNUSED_VARIABLE = YES;
				MACOSX_DEPLOYMENT_TARGET = 12.4;
				MTL_ENABLE_DEBUG_INFO = INCLUDE_SOURCE;
				MTL_FAST_MATH = YES;
				ONLY_ACTIVE_ARCH = YES;
				SDKROOT = macosx;
				SWIFT_ACTIVE_COMPILATION_CONDITIONS = DEBUG;
				SWIFT_OPTIMIZATION_LEVEL = "-Onone";
			};
			name = Debug;
		};
		082BDE2C28854B14004AADC3 /* Release */ = {
			isa = XCBuildConfiguration;
			buildSettings = {
				ALWAYS_SEARCH_USER_PATHS = NO;
				CLANG_ANALYZER_NONNULL = YES;
				CLANG_ANALYZER_NUMBER_OBJECT_CONVERSION = YES_AGGRESSIVE;
				CLANG_CXX_LANGUAGE_STANDARD = "gnu++17";
				CLANG_ENABLE_MODULES = YES;
				CLANG_ENABLE_OBJC_ARC = YES;
				CLANG_ENABLE_OBJC_WEAK = YES;
				CLANG_WARN_BLOCK_CAPTURE_AUTORELEASING = YES;
				CLANG_WARN_BOOL_CONVERSION = YES;
				CLANG_WARN_COMMA = YES;
				CLANG_WARN_CONSTANT_CONVERSION = YES;
				CLANG_WARN_DEPRECATED_OBJC_IMPLEMENTATIONS = YES;
				CLANG_WARN_DIRECT_OBJC_ISA_USAGE = YES_ERROR;
				CLANG_WARN_DOCUMENTATION_COMMENTS = YES;
				CLANG_WARN_EMPTY_BODY = YES;
				CLANG_WARN_ENUM_CONVERSION = YES;
				CLANG_WARN_INFINITE_RECURSION = YES;
				CLANG_WARN_INT_CONVERSION = YES;
				CLANG_WARN_NON_LITERAL_NULL_CONVERSION = YES;
				CLANG_WARN_OBJC_IMPLICIT_RETAIN_SELF = YES;
				CLANG_WARN_OBJC_LITERAL_CONVERSION = YES;
				CLANG_WARN_OBJC_ROOT_CLASS = YES_ERROR;
				CLANG_WARN_QUOTED_INCLUDE_IN_FRAMEWORK_HEADER = YES;
				CLANG_WARN_RANGE_LOOP_ANALYSIS = YES;
				CLANG_WARN_STRICT_PROTOTYPES = YES;
				CLANG_WARN_SUSPICIOUS_MOVE = YES;
				CLANG_WARN_UNGUARDED_AVAILABILITY = YES_AGGRESSIVE;
				CLANG_WARN_UNREACHABLE_CODE = YES;
				CLANG_WARN__DUPLICATE_METHOD_MATCH = YES;
				COPY_PHASE_STRIP = NO;
				DEBUG_INFORMATION_FORMAT = "dwarf-with-dsym";
				ENABLE_NS_ASSERTIONS = NO;
				ENABLE_STRICT_OBJC_MSGSEND = YES;
				GCC_C_LANGUAGE_STANDARD = gnu11;
				GCC_NO_COMMON_BLOCKS = YES;
				GCC_WARN_64_TO_32_BIT_CONVERSION = YES;
				GCC_WARN_ABOUT_RETURN_TYPE = YES_ERROR;
				GCC_WARN_UNDECLARED_SELECTOR = YES;
				GCC_WARN_UNINITIALIZED_AUTOS = YES_AGGRESSIVE;
				GCC_WARN_UNUSED_FUNCTION = YES;
				GCC_WARN_UNUSED_VARIABLE = YES;
				MACOSX_DEPLOYMENT_TARGET = 12.4;
				MTL_ENABLE_DEBUG_INFO = NO;
				MTL_FAST_MATH = YES;
				SDKROOT = macosx;
				SWIFT_COMPILATION_MODE = wholemodule;
				SWIFT_OPTIMIZATION_LEVEL = "-O";
			};
			name = Release;
		};
		082BDE2E28854B14004AADC3 /* Debug */ = {
			isa = XCBuildConfiguration;
			buildSettings = {
				ASSETCATALOG_COMPILER_APPICON_NAME = AppIcon;
				ASSETCATALOG_COMPILER_GLOBAL_ACCENT_COLOR_NAME = AccentColor;
				CODE_SIGN_ENTITLEMENTS = VideoColorized/VideoColorized.entitlements;
				CODE_SIGN_STYLE = Automatic;
				COMBINE_HIDPI_IMAGES = YES;
				CURRENT_PROJECT_VERSION = 1;
				DEVELOPMENT_ASSET_PATHS = "\"VideoColorized/Preview Content\"";
				DEVELOPMENT_TEAM = RK7SNR528N;
				ENABLE_HARDENED_RUNTIME = YES;
				ENABLE_PREVIEWS = YES;
				GENERATE_INFOPLIST_FILE = YES;
				INFOPLIST_KEY_CFBundleDisplayName = Colorized;
				INFOPLIST_KEY_NSHumanReadableCopyright = "";
				LD_RUNPATH_SEARCH_PATHS = (
					"$(inherited)",
					"@executable_path/../Frameworks",
				);
				LIBRARY_SEARCH_PATHS = "$(inherited)";
				MACOSX_DEPLOYMENT_TARGET = 11.0;
				MARKETING_VERSION = 1.0;
				PRODUCT_BUNDLE_IDENTIFIER = dev.lytran.VideoColorized;
				PRODUCT_NAME = "$(TARGET_NAME)";
				SWIFT_EMIT_LOC_STRINGS = YES;
				SWIFT_VERSION = 5.0;
			};
			name = Debug;
		};
		082BDE2F28854B14004AADC3 /* Release */ = {
			isa = XCBuildConfiguration;
			buildSettings = {
				ASSETCATALOG_COMPILER_APPICON_NAME = AppIcon;
				ASSETCATALOG_COMPILER_GLOBAL_ACCENT_COLOR_NAME = AccentColor;
				CODE_SIGN_ENTITLEMENTS = VideoColorized/VideoColorized.entitlements;
				CODE_SIGN_STYLE = Manual;
				COMBINE_HIDPI_IMAGES = YES;
				CURRENT_PROJECT_VERSION = 1;
				DEVELOPMENT_ASSET_PATHS = "\"VideoColorized/Preview Content\"";
				DEVELOPMENT_TEAM = "";
				ENABLE_HARDENED_RUNTIME = YES;
				ENABLE_PREVIEWS = YES;
				GENERATE_INFOPLIST_FILE = YES;
				INFOPLIST_KEY_CFBundleDisplayName = Colorized;
				INFOPLIST_KEY_NSHumanReadableCopyright = "";
				LD_RUNPATH_SEARCH_PATHS = (
					"$(inherited)",
					"@executable_path/../Frameworks",
				);
				LIBRARY_SEARCH_PATHS = "$(inherited)";
				MACOSX_DEPLOYMENT_TARGET = 11.0;
				MARKETING_VERSION = 1.0;
				PRODUCT_BUNDLE_IDENTIFIER = dev.lytran.VideoColorized;
				PRODUCT_NAME = "$(TARGET_NAME)";
				PROVISIONING_PROFILE_SPECIFIER = "";
				SWIFT_EMIT_LOC_STRINGS = YES;
				SWIFT_VERSION = 5.0;
			};
			name = Release;
		};
/* End XCBuildConfiguration section */

/* Begin XCConfigurationList section */
		082BDE1928854B12004AADC3 /* Build configuration list for PBXProject "VideoColorized" */ = {
			isa = XCConfigurationList;
			buildConfigurations = (
				082BDE2B28854B14004AADC3 /* Debug */,
				082BDE2C28854B14004AADC3 /* Release */,
			);
			defaultConfigurationIsVisible = 0;
			defaultConfigurationName = Release;
		};
		082BDE2D28854B14004AADC3 /* Build configuration list for PBXNativeTarget "VideoColorized" */ = {
			isa = XCConfigurationList;
			buildConfigurations = (
				082BDE2E28854B14004AADC3 /* Debug */,
				082BDE2F28854B14004AADC3 /* Release */,
			);
			defaultConfigurationIsVisible = 0;
			defaultConfigurationName = Release;
		};
/* End XCConfigurationList section */

/* Begin XCRemoteSwiftPackageReference section */
		08785CAC28AB9D2100EF33C7 /* XCRemoteSwiftPackageReference "SwiftUIWindow" */ = {
			isa = XCRemoteSwiftPackageReference;
			repositoryURL = "https://github.com/mortenjust/SwiftUIWindow?ref=iosexample.com";
			requirement = {
				branch = main;
				kind = branch;
			};
		};
/* End XCRemoteSwiftPackageReference section */

/* Begin XCSwiftPackageProductDependency section */
		08785CAD28AB9D2100EF33C7 /* SwiftUIWindow */ = {
			isa = XCSwiftPackageProductDependency;
			package = 08785CAC28AB9D2100EF33C7 /* XCRemoteSwiftPackageReference "SwiftUIWindow" */;
			productName = SwiftUIWindow;
		};
/* End XCSwiftPackageProductDependency section */
	};
	rootObject = 082BDE1628854B12004AADC3 /* Project object */;
}
